
Microsoft Visual Studio Solution File, Format Version 12.00
# Visual Studio Version 16
VisualStudioVersion = 16.0.30011.22
MinimumVisualStudioVersion = 10.0.40219.1
Project("{FAE04EC0-301F-11D3-BF4B-00C04F79EFBC}") = "ingresar numero", "ingresar numero.csproj", "{F55C3152-275C-446C-A268-E5C00BA0E1C7}"
EndProject
Global
	GlobalSection(SolutionConfigurationPlatforms) = preSolution
		Debug|Any CPU = Debug|Any CPU
		Release|Any CPU = Release|Any CPU
	EndGlobalSection
	GlobalSection(ProjectConfigurationPlatforms) = postSolution
		{F55C3152-275C-446C-A268-E5C00BA0E1C7}.Debug|Any CPU.ActiveCfg = Debug|Any CPU
		{F55C3152-275C-446C-A268-E5C00BA0E1C7}.Debug|Any CPU.Build.0 = Debug|Any CPU
		{F55C3152-275C-446C-A268-E5C00BA0E1C7}.Release|Any CPU.ActiveCfg = Release|Any CPU
		{F55C3152-275C-446C-A268-E5C00BA0E1C7}.Release|Any CPU.Build.0 = Release|Any CPU
	EndGlobalSection
	GlobalSection(SolutionProperties) = preSolution
		HideSolutionNode = FALSE
	EndGlobalSection
	GlobalSection(ExtensibilityGlobals) = postSolution
		SolutionGuid = {459D1C90-9F2C-4589-AC00-0AB4ED173C5D}
	EndGlobalSection
EndGlobal
